# THIS IS AN AUTOGENERATED FILE. DO NOT EDIT THIS FILE DIRECTLY.
# yarn lockfile v1


"add-canvas@gist:2e32779f41baefc491a370a138767fdf":
  version "1.0.0"
  resolved "https://gist.github.com/2e32779f41baefc491a370a138767fdf.git#943a56d94c372be6876b1a8515318f1716d1090e"

benchmark@^2.1.3:
  version "2.1.4"
  resolved "https://registry.yarnpkg.com/benchmark/-/benchmark-2.1.4.tgz#09f3de31c916425d498cc2ee565a0ebf3c2a5629"
  dependencies:
    lodash "^4.17.4"
    platform "^1.3.3"

"draw-waveform@gist:ffe0c4e7a06586d4bbb018ca69887ae8":
  version "1.0.0"
  resolved "https://gist.github.com/ffe0c4e7a06586d4bbb018ca69887ae8.git#e3089fa13f16843f38e3b66f6e9e90f53bf9775c"

easy-benchmark@../../support/easy-benchmark:
  version "0.0.1"
  dependencies:
    benchmark "^2.1.3"

lodash@^4.17.4:
  version "4.17.4"
  resolved "https://registry.yarnpkg.com/lodash/-/lodash-4.17.4.tgz#78203a4d1c328ae1d86dca6460e369b57f4055ae"

platform@^1.3.3:
  version "1.3.4"
  resolved "https://registry.yarnpkg.com/platform/-/platform-1.3.4.tgz#6f0fb17edaaa48f21442b3a975c063130f1c3ebd"
