# THIS IS AN AUTOGENERATED FILE. DO NOT EDIT THIS FILE DIRECTLY.
# yarn lockfile v1


benchmark@^2.1.3:
  version "2.1.4"
  resolved "https://registry.yarnpkg.com/benchmark/-/benchmark-2.1.4.tgz#09f3de31c916425d498cc2ee565a0ebf3c2a5629"
  dependencies:
    lodash "^4.17.4"
    platform "^1.3.3"

dspjs@../../support/dspjs:
  version "1.0.0"

easy-benchmark@../../support/easy-benchmark:
  version "0.0.1"
  dependencies:
    benchmark "^2.1.3"

lodash@^4.17.4:
  version "4.17.4"
  resolved "https://registry.yarnpkg.com/lodash/-/lodash-4.17.4.tgz#78203a4d1c328ae1d86dca6460e369b57f4055ae"

platform@^1.3.3:
  version "1.3.4"
  resolved "https://registry.yarnpkg.com/platform/-/platform-1.3.4.tgz#6f0fb17edaaa48f21442b3a975c063130f1c3ebd"
