# THIS IS AN AUTOGENERATED FILE. DO NOT EDIT THIS FILE DIRECTLY.
# yarn lockfile v1


audio-context@^0.1.0:
  version "0.1.0"
  resolved "https://registry.yarnpkg.com/audio-context/-/audio-context-0.1.0.tgz#116ee83d566e10e7e845f29d9b1e1bc2ea3520d2"
  dependencies:
    global "~4.2.1"

dom-walk@^0.1.0:
  version "0.1.1"
  resolved "https://registry.yarnpkg.com/dom-walk/-/dom-walk-0.1.1.tgz#672226dc74c8f799ad35307df936aba11acd6018"

dspjs@../../support/dspjs:
  version "1.0.0"

global@~4.2.1:
  version "4.2.1"
  resolved "https://registry.yarnpkg.com/global/-/global-4.2.1.tgz#c16801e9a47f0b0b847a156d419dc143b5a4e8b3"
  dependencies:
    min-document "^2.6.1"
    process "~0.5.1"

h@^0.1.0:
  version "0.1.0"
  resolved "https://registry.yarnpkg.com/h/-/h-0.1.0.tgz#24211fe1d9cef2b36cae8ff8255606ea12ecdfb5"

min-document@^2.6.1:
  version "2.19.0"
  resolved "https://registry.yarnpkg.com/min-document/-/min-document-2.19.0.tgz#7bd282e3f5842ed295bb748cdd9f1ffa2c824685"
  dependencies:
    dom-walk "^0.1.0"

process@~0.5.1:
  version "0.5.2"
  resolved "https://registry.yarnpkg.com/process/-/process-0.5.2.tgz#1638d8a8e34c2f440a91db95ab9aeb677fc185cf"
